
Microsoft Visual Studio Solution File, Format Version 12.00
# Visual Studio Version 17
VisualStudioVersion = 17.6.33815.320
MinimumVisualStudioVersion = 10.0.40219.1
Project("{FAE04EC0-301F-11D3-BF4B-00C04F79EFBC}") = "DevNet.Web", "DevNet.Web\DevNet.Web.csproj", "{785B74AE-496E-4A0E-A9D5-DEFCFF1C91DF}"
EndProject
Project("{FAE04EC0-301F-11D3-BF4B-00C04F79EFBC}") = "DevNet.Tests", "DevNet.Tests\DevNet.Tests.csproj", "{C2F3D2E4-39C4-4C0C-BCFD-EF7477101D22}"
EndProject
Project("{FAE04EC0-301F-11D3-BF4B-00C04F79EFBC}") = "DevNet.Application", "DevNet.Application\DevNet.Application.csproj", "{41A5E660-6119-4E4B-9F7A-B09F70AC69A5}"
EndProject
Project("{FAE04EC0-301F-11D3-BF4B-00C04F79EFBC}") = "DevNet.Infrastructure", "DevNet.Infrastructure\DevNet.Infrastructure.csproj", "{58E22A57-6421-48B7-98AC-CD9CCDB927A1}"
EndProject
Project("{FAE04EC0-301F-11D3-BF4B-00C04F79EFBC}") = "DevNet.Domain", "DevNet.Domain\DevNet.Domain.csproj", "{C886AE62-180B-4BE9-8250-7B6BAA008E79}"
EndProject
Global
	GlobalSection(SolutionConfigurationPlatforms) = preSolution
		Debug|Any CPU = Debug|Any CPU
		Release|Any CPU = Release|Any CPU
	EndGlobalSection
	GlobalSection(ProjectConfigurationPlatforms) = postSolution
		{785B74AE-496E-4A0E-A9D5-DEFCFF1C91DF}.Debug|Any CPU.ActiveCfg = Debug|Any CPU
		{785B74AE-496E-4A0E-A9D5-DEFCFF1C91DF}.Debug|Any CPU.Build.0 = Debug|Any CPU
		{785B74AE-496E-4A0E-A9D5-DEFCFF1C91DF}.Release|Any CPU.ActiveCfg = Release|Any CPU
		{785B74AE-496E-4A0E-A9D5-DEFCFF1C91DF}.Release|Any CPU.Build.0 = Release|Any CPU
		{C2F3D2E4-39C4-4C0C-BCFD-EF7477101D22}.Debug|Any CPU.ActiveCfg = Debug|Any CPU
		{C2F3D2E4-39C4-4C0C-BCFD-EF7477101D22}.Debug|Any CPU.Build.0 = Debug|Any CPU
		{C2F3D2E4-39C4-4C0C-BCFD-EF7477101D22}.Release|Any CPU.ActiveCfg = Release|Any CPU
		{C2F3D2E4-39C4-4C0C-BCFD-EF7477101D22}.Release|Any CPU.Build.0 = Release|Any CPU
		{41A5E660-6119-4E4B-9F7A-B09F70AC69A5}.Debug|Any CPU.ActiveCfg = Debug|Any CPU
		{41A5E660-6119-4E4B-9F7A-B09F70AC69A5}.Debug|Any CPU.Build.0 = Debug|Any CPU
		{41A5E660-6119-4E4B-9F7A-B09F70AC69A5}.Release|Any CPU.ActiveCfg = Release|Any CPU
		{41A5E660-6119-4E4B-9F7A-B09F70AC69A5}.Release|Any CPU.Build.0 = Release|Any CPU
		{58E22A57-6421-48B7-98AC-CD9CCDB927A1}.Debug|Any CPU.ActiveCfg = Debug|Any CPU
		{58E22A57-6421-48B7-98AC-CD9CCDB927A1}.Debug|Any CPU.Build.0 = Debug|Any CPU
		{58E22A57-6421-48B7-98AC-CD9CCDB927A1}.Release|Any CPU.ActiveCfg = Release|Any CPU
		{58E22A57-6421-48B7-98AC-CD9CCDB927A1}.Release|Any CPU.Build.0 = Release|Any CPU
		{C886AE62-180B-4BE9-8250-7B6BAA008E79}.Debug|Any CPU.ActiveCfg = Debug|Any CPU
		{C886AE62-180B-4BE9-8250-7B6BAA008E79}.Debug|Any CPU.Build.0 = Debug|Any CPU
		{C886AE62-180B-4BE9-8250-7B6BAA008E79}.Release|Any CPU.ActiveCfg = Release|Any CPU
		{C886AE62-180B-4BE9-8250-7B6BAA008E79}.Release|Any CPU.Build.0 = Release|Any CPU
	EndGlobalSection
	GlobalSection(SolutionProperties) = preSolution
		HideSolutionNode = FALSE
	EndGlobalSection
	GlobalSection(ExtensibilityGlobals) = postSolution
		SolutionGuid = {3B705DEA-D1B7-4D6C-A276-9D554D35469A}
	EndGlobalSection
EndGlobal
